{
  "name": "sh-tools",
  "lockfileVersion": 2,
  "requires": true,
  "packages": {
    "": {
      "dependencies": {
        "jsonpath-js": "^0.3.0"
      }
    },
    "node_modules/jsonpath-js": {
      "version": "0.3.0",
      "resolved": "https://registry.npmjs.org/jsonpath-js/-/jsonpath-js-0.3.0.tgz",
      "integrity": "sha512-lhK4f53ZwNmkvFbRi+nOS2lmaZ4DjtzsQsMPFQnp461JEVJ0adL4+YfhJGjeSnbxw54XLwl3wWnD62I2g2JHeg==",
      "license": "MIT",
      "engines": {
        "node": ">=20"
      }
    }
  },
  "dependencies": {
    "jsonpath-js": {
      "version": "0.3.0",
      "resolved": "https://registry.npmjs.org/jsonpath-js/-/jsonpath-js-0.3.0.tgz",
      "integrity": "sha512-lhK4f53ZwNmkvFbRi+nOS2lmaZ4DjtzsQsMPFQnp461JEVJ0adL4+YfhJGjeSnbxw54XLwl3wWnD62I2g2JHeg=="
    }
  }
}
